PODS:
  - Alamofire (5.8.1)
  - Capacitor (5.6.0):
    - CapacitorCordova
  - CapacitorApp (5.0.6):
    - Capacitor
  - CapacitorCordova (5.6.0)
  - CapacitorHaptics (5.0.6):
    - Capacitor
  - CapacitorKeyboard (5.0.7):
    - Capacitor
  - CapacitorStatusBar (5.0.6):
    - Capacitor
  - IncidenceIOSSDK (0.0.2):
    - Alamofire
    - Kingfisher
    - youtube-ios-player-helper
  - IncidenceSdk (0.0.2):
    - Capacitor
    - IncidenceIOSSDK
  - Kingfisher (7.10.2)
  - youtube-ios-player-helper (1.0.4)

DEPENDENCIES:
  - "Capacitor (from `../../node_modules/@capacitor/ios`)"
  - "CapacitorApp (from `../../node_modules/@capacitor/app`)"
  - "CapacitorCordova (from `../../node_modules/@capacitor/ios`)"
  - "CapacitorHaptics (from `../../node_modules/@capacitor/haptics`)"
  - "CapacitorKeyboard (from `../../node_modules/@capacitor/keyboard`)"
  - "CapacitorStatusBar (from `../../node_modules/@capacitor/status-bar`)"
  - IncidenceSdk (from `../../node_modules/incidence-sdk`)

SPEC REPOS:
  trunk:
    - Alamofire
    - IncidenceIOSSDK
    - Kingfisher
    - youtube-ios-player-helper

EXTERNAL SOURCES:
  Capacitor:
    :path: "../../node_modules/@capacitor/ios"
  CapacitorApp:
    :path: "../../node_modules/@capacitor/app"
  CapacitorCordova:
    :path: "../../node_modules/@capacitor/ios"
  CapacitorHaptics:
    :path: "../../node_modules/@capacitor/haptics"
  CapacitorKeyboard:
    :path: "../../node_modules/@capacitor/keyboard"
  CapacitorStatusBar:
    :path: "../../node_modules/@capacitor/status-bar"
  IncidenceSdk:
    :path: "../../node_modules/incidence-sdk"

SPEC CHECKSUMS:
  Alamofire: 3ca42e259043ee0dc5c0cdd76c4bc568b8e42af7
  Capacitor: ebfc16cdb8116d04c101686b080342872da42d43
  CapacitorApp: 024e1b1bea5f883d79f6330d309bc441c88ad04a
  CapacitorCordova: 931b48fcdbc9bc985fc2f16cec9f77c794a27729
  CapacitorHaptics: 1fffc1217c7e64a472d7845be50fb0c2f7d4204c
  CapacitorKeyboard: ce5e01064cf57a2c05b32565310713b7fe6cc6f9
  CapacitorStatusBar: 565c0a1ebd79bb40d797606a8992b4a105885309
  IncidenceIOSSDK: 616b0c6136effc844151ca0d64af85bfff05caa7
  IncidenceSdk: 764a3b3d7eabcde4c6e6f6c2a5f1bd682aa787cb
  Kingfisher: 99edc495d3b7607e6425f0d6f6847b2abd6d716d
  youtube-ios-player-helper: e9b97535e816db3152179d84d999bc1807ecd689

PODFILE CHECKSUM: d6fed4de5cbba93e0e8d82b38177d5952d203e8d

COCOAPODS: 1.14.3
